# This file was autogenerated by Stack.
# You should not edit this file by hand.
# For more information, please see the documentation at:
#   https://docs.haskellstack.org/en/stable/lock_files

packages:
- completed:
    hackage: z3-4.3.1@sha256:fae9974759876d147cb4e63a1b83615dcf56b963ae7fcf1b645af455471d2329,4082
    pantry-tree:
      size: 1555
      sha256: b1c5c606f5829070ebaa6de949b72bedd3b409b165c8eb6d2f5d60ae41a4e149
  original:
    hackage: z3-4.3.1
snapshots:
- completed:
    size: 424357
    url: https://raw.githubusercontent.com/commercialhaskell/stackage-snapshots/master/lts/6/21.yaml
    sha256: ad949f1987ecc81c84f780fc6214e0232cbb076a6acac566cf043dab6ee9da4a
  original: lts-6.21
